
Microsoft Visual Studio Solution File, Format Version 12.00
# Visual Studio Version 16
VisualStudioVersion = 16.0.31229.75
MinimumVisualStudioVersion = 10.0.40219.1
Project("{E24C65DC-7377-472B-9ABA-BC803B73C61A}") = "RockPaperScissors_HTML-CSS-JS", "RockPaperScissors_HTML-CSS-JS\", "{D2B9E35C-7024-4957-A6C9-7C33295E82EC}"
	ProjectSection(WebsiteProperties) = preProject
		TargetFrameworkMoniker = ".NETFramework,Version%3Dv4.0"
		Debug.AspNetCompiler.VirtualPath = "/localhost_60162"
		Debug.AspNetCompiler.PhysicalPath = "RockPaperScissors_HTML-CSS-JS\"
		Debug.AspNetCompiler.TargetPath = "PrecompiledWeb\localhost_60162\"
		Debug.AspNetCompiler.Updateable = "true"
		Debug.AspNetCompiler.ForceOverwrite = "true"
		Debug.AspNetCompiler.FixedNames = "false"
		Debug.AspNetCompiler.Debug = "True"
		Release.AspNetCompiler.VirtualPath = "/localhost_60162"
		Release.AspNetCompiler.PhysicalPath = "RockPaperScissors_HTML-CSS-JS\"
		Release.AspNetCompiler.TargetPath = "PrecompiledWeb\localhost_60162\"
		Release.AspNetCompiler.Updateable = "true"
		Release.AspNetCompiler.ForceOverwrite = "true"
		Release.AspNetCompiler.FixedNames = "false"
		Release.AspNetCompiler.Debug = "False"
		VWDPort = "60162"
		SlnRelativePath = "RockPaperScissors_HTML-CSS-JS\"
	EndProjectSection
EndProject
Global
	GlobalSection(SolutionConfigurationPlatforms) = preSolution
		Debug|Any CPU = Debug|Any CPU
	EndGlobalSection
	GlobalSection(ProjectConfigurationPlatforms) = postSolution
		{D2B9E35C-7024-4957-A6C9-7C33295E82EC}.Debug|Any CPU.ActiveCfg = Debug|Any CPU
		{D2B9E35C-7024-4957-A6C9-7C33295E82EC}.Debug|Any CPU.Build.0 = Debug|Any CPU
	EndGlobalSection
	GlobalSection(SolutionProperties) = preSolution
		HideSolutionNode = FALSE
	EndGlobalSection
	GlobalSection(ExtensibilityGlobals) = postSolution
		SolutionGuid = {6458669A-6455-4459-8238-648D249629CB}
	EndGlobalSection
EndGlobal
